
Microsoft Visual Studio Solution File, Format Version 12.00
# Visual Studio Version 16
VisualStudioVersion = 16.0.31105.61
MinimumVisualStudioVersion = 10.0.40219.1
Project("{FAE04EC0-301F-11D3-BF4B-00C04F79EFBC}") = "WFA210429", "WFA210429\WFA210429.csproj", "{66B26836-13F0-44D9-A981-06CD7BF0B68E}"
EndProject
Global
	GlobalSection(SolutionConfigurationPlatforms) = preSolution
		Debug|Any CPU = Debug|Any CPU
		Release|Any CPU = Release|Any CPU
	EndGlobalSection
	GlobalSection(ProjectConfigurationPlatforms) = postSolution
		{66B26836-13F0-44D9-A981-06CD7BF0B68E}.Debug|Any CPU.ActiveCfg = Debug|Any CPU
		{66B26836-13F0-44D9-A981-06CD7BF0B68E}.Debug|Any CPU.Build.0 = Debug|Any CPU
		{66B26836-13F0-44D9-A981-06CD7BF0B68E}.Release|Any CPU.ActiveCfg = Release|Any CPU
		{66B26836-13F0-44D9-A981-06CD7BF0B68E}.Release|Any CPU.Build.0 = Release|Any CPU
	EndGlobalSection
	GlobalSection(SolutionProperties) = preSolution
		HideSolutionNode = FALSE
	EndGlobalSection
	GlobalSection(ExtensibilityGlobals) = postSolution
		SolutionGuid = {F862C5F9-B56B-476F-BDD3-9F212A4D4FB2}
	EndGlobalSection
EndGlobal
